// !$*UTF8*$!
{
	archiveVersion = 1;
	classes = {
	};
	objectVersion = 46;
	objects = {

/* Begin PBXBuildFile section */
		59C949761ACD3FB80044D6DB /* sort.cpp in Sources */ = {isa = PBXBuildFile; fileRef = 59C949741ACD3FB80044D6DB /* sort.cpp */; };
/* End PBXBuildFile section */

/* Begin PBXCopyFilesBuildPhase section */
		59227C7E1ACD09ED006F55C9 /* CopyFiles */ = {
			isa = PBXCopyFilesBuildPhase;
			buildActionMask = 2147483647;
			dstPath = /usr/share/man/man1/;
			dstSubfolderSpec = 0;
			files = (
			);
			runOnlyForDeploymentPostprocessing = 1;
		};
/* End PBXCopyFilesBuildPhase section */

/* Begin PBXFileReference section */
		59227C801ACD09ED006F55C9 /* mxsort */ = {isa = PBXFileReference; explicitFileType = "compiled.mach-o.executable"; includeInIndex = 0; path = mxsort; sourceTree = BUILT_PRODUCTS_DIR; };
		59AA4FAA1ACDA74E0092CC47 /* Platform.h */ = {isa = PBXFileReference; lastKnownFileType = sourcecode.c.h; path = Platform.h; sourceTree = SOURCE_ROOT; };
		59C949741ACD3FB80044D6DB /* sort.cpp */ = {isa = PBXFileReference; fileEncoding = 4; lastKnownFileType = sourcecode.cpp.cpp; path = sort.cpp; sourceTree = SOURCE_ROOT; };
		59C949751ACD3FB80044D6DB /* threads.h */ = {isa = PBXFileReference; fileEncoding = 4; lastKnownFileType = sourcecode.c.h; path = threads.h; sourceTree = SOURCE_ROOT; };
/* End PBXFileReference section */

/* Begin PBXFrameworksBuildPhase section */
		59227C7D1ACD09ED006F55C9 /* Frameworks */ = {
			isa = PBXFrameworksBuildPhase;
			buildActionMask = 2147483647;
			files = (
			);
			runOnlyForDeploymentPostprocessing = 0;
		};
/* End PBXFrameworksBuildPhase section */

/* Begin PBXGroup section */
		59227C771ACD09ED006F55C9 = {
			isa = PBXGroup;
			children = (
				59227C821ACD09ED006F55C9 /* mxsort */,
				59227C811ACD09ED006F55C9 /* Products */,
			);
			sourceTree = "<group>";
		};
		59227C811ACD09ED006F55C9 /* Products */ = {
			isa = PBXGroup;
			children = (
				59227C801ACD09ED006F55C9 /* mxsort */,
			);
			name = Products;
			sourceTree = "<group>";
		};
		59227C821ACD09ED006F55C9 /* mxsort */ = {
			isa = PBXGroup;
			children = (
				59AA4FAA1ACDA74E0092CC47 /* Platform.h */,
				59C949741ACD3FB80044D6DB /* sort.cpp */,
				59C949751ACD3FB80044D6DB /* threads.h */,
			);
			path = mxsort;
			sourceTree = "<group>";
		};
/* End PBXGroup section */

/* Begin PBXNativeTarget section */
		59227C7F1ACD09ED006F55C9 /* mxsort */ = {
			isa = PBXNativeTarget;
			buildConfigurationList = 59227C871ACD09ED006F55C9 /* Build configuration list for PBXNativeTarget "mxsort" */;
			buildPhases = (
				59227C7C1ACD09ED006F55C9 /* Sources */,
				59227C7D1ACD09ED006F55C9 /* Frameworks */,
				59227C7E1ACD09ED006F55C9 /* CopyFiles */,
			);
			buildRules = (
			);
			dependencies = (
			);
			name = mxsort;
			productName = mxsort;
			productReference = 59227C801ACD09ED006F55C9 /* mxsort */;
			productType = "com.apple.product-type.tool";
		};
/* End PBXNativeTarget section */

/* Begin PBXProject section */
		59227C781ACD09ED006F55C9 /* Project object */ = {
			isa = PBXProject;
			attributes = {
				LastUpgradeCheck = 0610;
				ORGANIZATIONNAME = "倒数大军 2014";
				TargetAttributes = {
					59227C7F1ACD09ED006F55C9 = {
						CreatedOnToolsVersion = 6.1.1;
					};
				};
			};
			buildConfigurationList = 59227C7B1ACD09ED006F55C9 /* Build configuration list for PBXProject "mxsort" */;
			compatibilityVersion = "Xcode 3.2";
			developmentRegion = English;
			hasScannedForEncodings = 0;
			knownRegions = (
				en,
			);
			mainGroup = 59227C771ACD09ED006F55C9;
			productRefGroup = 59227C811ACD09ED006F55C9 /* Products */;
			projectDirPath = "";
			projectRoot = "";
			targets = (
				59227C7F1ACD09ED006F55C9 /* mxsort */,
			);
		};
/* End PBXProject section */

/* Begin PBXSourcesBuildPhase section */
		59227C7C1ACD09ED006F55C9 /* Sources */ = {
			isa = PBXSourcesBuildPhase;
			buildActionMask = 2147483647;
			files = (
				59C949761ACD3FB80044D6DB /* sort.cpp in Sources */,
			);
			runOnlyForDeploymentPostprocessing = 0;
		};
/* End PBXSourcesBuildPhase section */

/* Begin XCBuildConfiguration section */
		59227C851ACD09ED006F55C9 /* Debug */ = {
			isa = XCBuildConfiguration;
			buildSettings = {
				ALWAYS_SEARCH_USER_PATHS = NO;
				CLANG_CXX_LANGUAGE_STANDARD = "gnu++0x";
				CLANG_CXX_LIBRARY = "libc++";
				CLANG_ENABLE_MODULES = YES;
				CLANG_ENABLE_OBJC_ARC = YES;
				CLANG_WARN_BOOL_CONVERSION = YES;
				CLANG_WARN_CONSTANT_CONVERSION = YES;
				CLANG_WARN_DIRECT_OBJC_ISA_USAGE = YES_ERROR;
				CLANG_WARN_EMPTY_BODY = YES;
				CLANG_WARN_ENUM_CONVERSION = YES;
				CLANG_WARN_INT_CONVERSION = YES;
				CLANG_WARN_OBJC_ROOT_CLASS = YES_ERROR;
				CLANG_WARN_UNREACHABLE_CODE = YES;
				CLANG_WARN__DUPLICATE_METHOD_MATCH = YES;
				COPY_PHASE_STRIP = NO;
				ENABLE_STRICT_OBJC_MSGSEND = YES;
				GCC_C_LANGUAGE_STANDARD = gnu99;
				GCC_DYNAMIC_NO_PIC = NO;
				GCC_OPTIMIZATION_LEVEL = 0;
				GCC_PREPROCESSOR_DEFINITIONS = (
					"DEBUG=1",
					"$(inherited)",
				);
				GCC_SYMBOLS_PRIVATE_EXTERN = NO;
				GCC_WARN_64_TO_32_BIT_CONVERSION = YES;
				GCC_WARN_ABOUT_RETURN_TYPE = YES_ERROR;
				GCC_WARN_UNDECLARED_SELECTOR = YES;
				GCC_WARN_UNINITIALIZED_AUTOS = YES_AGGRESSIVE;
				GCC_WARN_UNUSED_FUNCTION = YES;
				GCC_WARN_UNUSED_VARIABLE = YES;
				MACOSX_DEPLOYMENT_TARGET = 10.9;
				MTL_ENABLE_DEBUG_INFO = YES;
				ONLY_ACTIVE_ARCH = YES;
				SDKROOT = macosx;
			};
			name = Debug;
		};
		59227C861ACD09ED006F55C9 /* Release */ = {
			isa = XCBuildConfiguration;
			buildSettings = {
				ALWAYS_SEARCH_USER_PATHS = NO;
				CLANG_CXX_LANGUAGE_STANDARD = "gnu++0x";
				CLANG_CXX_LIBRARY = "libc++";
				CLANG_ENABLE_MODULES = YES;
				CLANG_ENABLE_OBJC_ARC = YES;
				CLANG_WARN_BOOL_CONVERSION = YES;
				CLANG_WARN_CONSTANT_CONVERSION = YES;
				CLANG_WARN_DIRECT_OBJC_ISA_USAGE = YES_ERROR;
				CLANG_WARN_EMPTY_BODY = YES;
				CLANG_WARN_ENUM_CONVERSION = YES;
				CLANG_WARN_INT_CONVERSION = YES;
				CLANG_WARN_OBJC_ROOT_CLASS = YES_ERROR;
				CLANG_WARN_UNREACHABLE_CODE = YES;
				CLANG_WARN__DUPLICATE_METHOD_MATCH = YES;
				COPY_PHASE_STRIP = YES;
				DEBUG_INFORMATION_FORMAT = "dwarf-with-dsym";
				ENABLE_NS_ASSERTIONS = NO;
				ENABLE_STRICT_OBJC_MSGSEND = YES;
				GCC_C_LANGUAGE_STANDARD = gnu99;
				GCC_WARN_64_TO_32_BIT_CONVERSION = YES;
				GCC_WARN_ABOUT_RETURN_TYPE = YES_ERROR;
				GCC_WARN_UNDECLARED_SELECTOR = YES;
				GCC_WARN_UNINITIALIZED_AUTOS = YES_AGGRESSIVE;
				GCC_WARN_UNUSED_FUNCTION = YES;
				GCC_WARN_UNUSED_VARIABLE = YES;
				MACOSX_DEPLOYMENT_TARGET = 10.9;
				MTL_ENABLE_DEBUG_INFO = NO;
				SDKROOT = macosx;
			};
			name = Release;
		};
		59227C881ACD09ED006F55C9 /* Debug */ = {
			isa = XCBuildConfiguration;
			buildSettings = {
				GCC_OPTIMIZATION_LEVEL = 1;
				PRODUCT_NAME = "$(TARGET_NAME)";
			};
			name = Debug;
		};
		59227C891ACD09ED006F55C9 /* Release */ = {
			isa = XCBuildConfiguration;
			buildSettings = {
				PRODUCT_NAME = "$(TARGET_NAME)";
			};
			name = Release;
		};
/* End XCBuildConfiguration section */

/* Begin XCConfigurationList section */
		59227C7B1ACD09ED006F55C9 /* Build configuration list for PBXProject "mxsort" */ = {
			isa = XCConfigurationList;
			buildConfigurations = (
				59227C851ACD09ED006F55C9 /* Debug */,
				59227C861ACD09ED006F55C9 /* Release */,
			);
			defaultConfigurationIsVisible = 0;
			defaultConfigurationName = Release;
		};
		59227C871ACD09ED006F55C9 /* Build configuration list for PBXNativeTarget "mxsort" */ = {
			isa = XCConfigurationList;
			buildConfigurations = (
				59227C881ACD09ED006F55C9 /* Debug */,
				59227C891ACD09ED006F55C9 /* Release */,
			);
			defaultConfigurationIsVisible = 0;
			defaultConfigurationName = Release;
		};
/* End XCConfigurationList section */
	};
	rootObject = 59227C781ACD09ED006F55C9 /* Project object */;
}
